github.com/gabriel-vasile/mimetype v0.3.19-0.20190924175446-53289f4e5fdf h1:2WZF3Tqjnyvj779IPSTmN5Vn2AUpf1GSUG6S00Q4D0I=
github.com/gabriel-vasile/mimetype v0.3.19-0.20190924175446-53289f4e5fdf/go.mod h1:kMJbg3SlWZCsj4R73F1WDzbT9AyGCOVmUtIxxwO5pmI=
github.com/gabriel-vasile/mimetype v0.3.19-0.20190929082809-6be6bfcc51d5 h1:LU2dHWEycQgnAFQPKM2UmBAz0VG/i2Z1le02wJupXkE=
github.com/gabriel-vasile/mimetype v0.3.19-0.20190929082809-6be6bfcc51d5/go.mod h1:kMJbg3SlWZCsj4R73F1WDzbT9AyGCOVmUtIxxwO5pmI=
github.com/h2non/filetype v1.0.11-0.20190924181614-60afd77ee3ec h1:vIm9gvLtzaHzij254fAKvbp4PD94YiSjpfrTaiIbiNs=
github.com/h2non/filetype v1.0.11-0.20190924181614-60afd77ee3ec/go.mod h1:isekKqOuhMj+s/7r3rIeTErIRy4Rub5uBWHfvMusLMU=
github.com/rakyll/magicmime v0.1.1-0.20180111184428-8698a7074799 h1:rCP36ZOzmG9HqqY0q/j1ltOSzfIeaRYY3HDmvmXU3E0=
github.com/rakyll/magicmime v0.1.1-0.20180111184428-8698a7074799/go.mod h1:OKs4S+1GpIAB1PCebhwp3rxhyipe7TiImiIeVyFlQt8=
github.com/vimeo/go-magic v1.0.0 h1:1GGtwzLJwSd7i24Ie7LSNLF0T/w1NiZn5iELjgWcAy4=
github.com/vimeo/go-magic v1.0.0/go.mod h1:xvu4I7AcaioNKakZMURKiJPAlHCTFwIr+qQhOOQQfBk=
github.com/zRedShift/mimemagic v1.1.0 h1:6qU3/VL/FEvBkbNDI82zK/s4uSPt9ihX6a+umlJMeOk=
github.com/zRedShift/mimemagic v1.1.0/go.mod h1:V9PAYBqahcv5sEGKRax7/Pk3w4/V6MHHK+oX/ADXuu0=
golang.org/x/net v0.0.0-20181017193950-04a2e542c03f h1:4pRM7zYwpBjCnfA1jRmhItLxYJkaEnsmuAcRtA347DA=
golang.org/x/net v0.0.0-20181017193950-04a2e542c03f/go.mod h1:mL1N/T3taQHkDXs73rZJwtUhF3w3ftmwwsq0BUmARs4=
golang.org/x/text v0.3.0 h1:g61tztE5qeGQ89tm6NTjjM9VPIm088od1l6aSorWRWg=
golang.org/x/text v0.3.0/go.mod h1:NqM8EUOU14njkJ3fqMW+pc6Ldnwhi/IjpwHt7yyuwOQ=
